
Microsoft Visual Studio Solution File, Format Version 12.00
# Visual Studio Version 17
VisualStudioVersion = 17.12.35707.178
MinimumVisualStudioVersion = 10.0.40219.1
Project("{FAE04EC0-301F-11D3-BF4B-00C04F79EFBC}") = "Question2-B", "Question2-B\Question2-B.csproj", "{8C6BBEBC-D801-49FC-9739-6DAAECF226D3}"
EndProject
Project("{FAE04EC0-301F-11D3-BF4B-00C04F79EFBC}") = "Unittest", "Unittest\Unittest.csproj", "{1AA85890-2A8B-4F42-B5B9-F24786328F5E}"
EndProject
Global
	GlobalSection(SolutionConfigurationPlatforms) = preSolution
		Debug|Any CPU = Debug|Any CPU
		Release|Any CPU = Release|Any CPU
	EndGlobalSection
	GlobalSection(ProjectConfigurationPlatforms) = postSolution
		{8C6BBEBC-D801-49FC-9739-6DAAECF226D3}.Debug|Any CPU.ActiveCfg = Debug|Any CPU
		{8C6BBEBC-D801-49FC-9739-6DAAECF226D3}.Debug|Any CPU.Build.0 = Debug|Any CPU
		{8C6BBEBC-D801-49FC-9739-6DAAECF226D3}.Release|Any CPU.ActiveCfg = Release|Any CPU
		{8C6BBEBC-D801-49FC-9739-6DAAECF226D3}.Release|Any CPU.Build.0 = Release|Any CPU
		{1AA85890-2A8B-4F42-B5B9-F24786328F5E}.Debug|Any CPU.ActiveCfg = Debug|Any CPU
		{1AA85890-2A8B-4F42-B5B9-F24786328F5E}.Debug|Any CPU.Build.0 = Debug|Any CPU
		{1AA85890-2A8B-4F42-B5B9-F24786328F5E}.Release|Any CPU.ActiveCfg = Release|Any CPU
		{1AA85890-2A8B-4F42-B5B9-F24786328F5E}.Release|Any CPU.Build.0 = Release|Any CPU
	EndGlobalSection
	GlobalSection(SolutionProperties) = preSolution
		HideSolutionNode = FALSE
	EndGlobalSection
EndGlobal
